{
  "pins" : [
    {
      "identity" : "codebureau",
      "kind" : "remoteSourceControl",
      "location" : "https://github.com/zachbazov/CodeBureau.git",
      "state" : {
        "revision" : "79d14b5a3c3d0db0f0e91dbd3e4db61cd93bd956",
        "version" : "1.0.5"
      }
    },
    {
      "identity" : "urldatatransfer",
      "kind" : "remoteSourceControl",
      "location" : "https://github.com/zachbazov/URLDataTransfer.git",
      "state" : {
        "revision" : "40eb4a8156d9192ea0c32cbde96296e1ffb67e0a",
        "version" : "1.0.2"
      }
    }
  ],
  "version" : 2
}
